
Microsoft Visual Studio Solution File, Format Version 12.00
# Visual Studio Version 17
VisualStudioVersion = 17.14.36511.14 d17.14
MinimumVisualStudioVersion = 10.0.40219.1
Project("{FAE04EC0-301F-11D3-BF4B-00C04F79EFBC}") = "EjercicioWPF5-4", "EjercicioWPF5-4\EjercicioWPF5-4.csproj", "{13ADB957-BD52-4355-8DF3-AF340E76D34D}"
EndProject
Global
	GlobalSection(SolutionConfigurationPlatforms) = preSolution
		Debug|Any CPU = Debug|Any CPU
		Release|Any CPU = Release|Any CPU
	EndGlobalSection
	GlobalSection(ProjectConfigurationPlatforms) = postSolution
		{13ADB957-BD52-4355-8DF3-AF340E76D34D}.Debug|Any CPU.ActiveCfg = Debug|Any CPU
		{13ADB957-BD52-4355-8DF3-AF340E76D34D}.Debug|Any CPU.Build.0 = Debug|Any CPU
		{13ADB957-BD52-4355-8DF3-AF340E76D34D}.Release|Any CPU.ActiveCfg = Release|Any CPU
		{13ADB957-BD52-4355-8DF3-AF340E76D34D}.Release|Any CPU.Build.0 = Release|Any CPU
	EndGlobalSection
	GlobalSection(SolutionProperties) = preSolution
		HideSolutionNode = FALSE
	EndGlobalSection
	GlobalSection(ExtensibilityGlobals) = postSolution
		SolutionGuid = {E2982BB9-22D9-4D48-96C7-FCA6D0BA5C57}
	EndGlobalSection
EndGlobal
