
Microsoft Visual Studio Solution File, Format Version 12.00
# Visual Studio Version 17
VisualStudioVersion = 17.14.36511.14 d17.14
MinimumVisualStudioVersion = 10.0.40219.1
Project("{FAE04EC0-301F-11D3-BF4B-00C04F79EFBC}") = "Practica8Ejercicio4", "Practica8Ejercicio4\Practica8Ejercicio4.csproj", "{3A1ACE1F-8929-4D2E-951D-C9963367E207}"
EndProject
Global
	GlobalSection(SolutionConfigurationPlatforms) = preSolution
		Debug|Any CPU = Debug|Any CPU
		Release|Any CPU = Release|Any CPU
	EndGlobalSection
	GlobalSection(ProjectConfigurationPlatforms) = postSolution
		{3A1ACE1F-8929-4D2E-951D-C9963367E207}.Debug|Any CPU.ActiveCfg = Debug|Any CPU
		{3A1ACE1F-8929-4D2E-951D-C9963367E207}.Debug|Any CPU.Build.0 = Debug|Any CPU
		{3A1ACE1F-8929-4D2E-951D-C9963367E207}.Release|Any CPU.ActiveCfg = Release|Any CPU
		{3A1ACE1F-8929-4D2E-951D-C9963367E207}.Release|Any CPU.Build.0 = Release|Any CPU
	EndGlobalSection
	GlobalSection(SolutionProperties) = preSolution
		HideSolutionNode = FALSE
	EndGlobalSection
	GlobalSection(ExtensibilityGlobals) = postSolution
		SolutionGuid = {F69D52C5-6F89-4C4B-8C13-33B51333B810}
	EndGlobalSection
EndGlobal
