
Microsoft Visual Studio Solution File, Format Version 12.00
# Visual Studio Version 17
VisualStudioVersion = 17.14.36511.14 d17.14
MinimumVisualStudioVersion = 10.0.40219.1
Project("{FAE04EC0-301F-11D3-BF4B-00C04F79EFBC}") = "Ejercicio2", "Ejercicio2\Ejercicio2.csproj", "{FA0CF1FE-5712-46F5-8FF7-35102AE383CC}"
EndProject
Global
	GlobalSection(SolutionConfigurationPlatforms) = preSolution
		Debug|Any CPU = Debug|Any CPU
		Release|Any CPU = Release|Any CPU
	EndGlobalSection
	GlobalSection(ProjectConfigurationPlatforms) = postSolution
		{FA0CF1FE-5712-46F5-8FF7-35102AE383CC}.Debug|Any CPU.ActiveCfg = Debug|Any CPU
		{FA0CF1FE-5712-46F5-8FF7-35102AE383CC}.Debug|Any CPU.Build.0 = Debug|Any CPU
		{FA0CF1FE-5712-46F5-8FF7-35102AE383CC}.Release|Any CPU.ActiveCfg = Release|Any CPU
		{FA0CF1FE-5712-46F5-8FF7-35102AE383CC}.Release|Any CPU.Build.0 = Release|Any CPU
	EndGlobalSection
	GlobalSection(SolutionProperties) = preSolution
		HideSolutionNode = FALSE
	EndGlobalSection
	GlobalSection(ExtensibilityGlobals) = postSolution
		SolutionGuid = {C183DCB8-AC52-4966-9A8D-E7C71DB9DF20}
	EndGlobalSection
EndGlobal
