
Microsoft Visual Studio Solution File, Format Version 12.00
# Visual Studio Version 17
VisualStudioVersion = 17.14.36511.14 d17.14
MinimumVisualStudioVersion = 10.0.40219.1
Project("{FAE04EC0-301F-11D3-BF4B-00C04F79EFBC}") = "Practica10Ejercicio1", "Practica10Ejercicio1\Practica10Ejercicio1.csproj", "{39B4E096-1E01-4575-B898-02CEA4006B4D}"
EndProject
Global
	GlobalSection(SolutionConfigurationPlatforms) = preSolution
		Debug|Any CPU = Debug|Any CPU
		Release|Any CPU = Release|Any CPU
	EndGlobalSection
	GlobalSection(ProjectConfigurationPlatforms) = postSolution
		{39B4E096-1E01-4575-B898-02CEA4006B4D}.Debug|Any CPU.ActiveCfg = Debug|Any CPU
		{39B4E096-1E01-4575-B898-02CEA4006B4D}.Debug|Any CPU.Build.0 = Debug|Any CPU
		{39B4E096-1E01-4575-B898-02CEA4006B4D}.Release|Any CPU.ActiveCfg = Release|Any CPU
		{39B4E096-1E01-4575-B898-02CEA4006B4D}.Release|Any CPU.Build.0 = Release|Any CPU
	EndGlobalSection
	GlobalSection(SolutionProperties) = preSolution
		HideSolutionNode = FALSE
	EndGlobalSection
	GlobalSection(ExtensibilityGlobals) = postSolution
		SolutionGuid = {5FAE7F0C-BBD9-4F89-A7AC-8AEE53DA2352}
	EndGlobalSection
EndGlobal
