
Microsoft Visual Studio Solution File, Format Version 12.00
# Visual Studio Version 17
VisualStudioVersion = 17.14.36511.14 d17.14
MinimumVisualStudioVersion = 10.0.40219.1
Project("{FAE04EC0-301F-11D3-BF4B-00C04F79EFBC}") = "Practica8Ejercicio2", "Practica8Ejercicio2\Practica8Ejercicio2.csproj", "{3AE18C0B-A5F2-4ADA-B266-CD6F669DFB41}"
EndProject
Global
	GlobalSection(SolutionConfigurationPlatforms) = preSolution
		Debug|Any CPU = Debug|Any CPU
		Release|Any CPU = Release|Any CPU
	EndGlobalSection
	GlobalSection(ProjectConfigurationPlatforms) = postSolution
		{3AE18C0B-A5F2-4ADA-B266-CD6F669DFB41}.Debug|Any CPU.ActiveCfg = Debug|Any CPU
		{3AE18C0B-A5F2-4ADA-B266-CD6F669DFB41}.Debug|Any CPU.Build.0 = Debug|Any CPU
		{3AE18C0B-A5F2-4ADA-B266-CD6F669DFB41}.Release|Any CPU.ActiveCfg = Release|Any CPU
		{3AE18C0B-A5F2-4ADA-B266-CD6F669DFB41}.Release|Any CPU.Build.0 = Release|Any CPU
	EndGlobalSection
	GlobalSection(SolutionProperties) = preSolution
		HideSolutionNode = FALSE
	EndGlobalSection
	GlobalSection(ExtensibilityGlobals) = postSolution
		SolutionGuid = {4CE5BE7F-A142-4F94-B936-19E8ED0E850B}
	EndGlobalSection
EndGlobal
