
Microsoft Visual Studio Solution File, Format Version 12.00
# Visual Studio Version 17
VisualStudioVersion = 17.14.36511.14 d17.14
MinimumVisualStudioVersion = 10.0.40219.1
Project("{FAE04EC0-301F-11D3-BF4B-00C04F79EFBC}") = "EjercicioWPF1-4", "EjercicioWPF1-4\EjercicioWPF1-4.csproj", "{BFF6BE9A-363E-45BD-899F-651F7810A20A}"
EndProject
Global
	GlobalSection(SolutionConfigurationPlatforms) = preSolution
		Debug|Any CPU = Debug|Any CPU
		Release|Any CPU = Release|Any CPU
	EndGlobalSection
	GlobalSection(ProjectConfigurationPlatforms) = postSolution
		{BFF6BE9A-363E-45BD-899F-651F7810A20A}.Debug|Any CPU.ActiveCfg = Debug|Any CPU
		{BFF6BE9A-363E-45BD-899F-651F7810A20A}.Debug|Any CPU.Build.0 = Debug|Any CPU
		{BFF6BE9A-363E-45BD-899F-651F7810A20A}.Release|Any CPU.ActiveCfg = Release|Any CPU
		{BFF6BE9A-363E-45BD-899F-651F7810A20A}.Release|Any CPU.Build.0 = Release|Any CPU
	EndGlobalSection
	GlobalSection(SolutionProperties) = preSolution
		HideSolutionNode = FALSE
	EndGlobalSection
	GlobalSection(ExtensibilityGlobals) = postSolution
		SolutionGuid = {CCE06282-47D3-440E-9975-B7B74D2800A3}
	EndGlobalSection
EndGlobal
