
Microsoft Visual Studio Solution File, Format Version 12.00
# Visual Studio Version 17
VisualStudioVersion = 17.14.36511.14 d17.14
MinimumVisualStudioVersion = 10.0.40219.1
Project("{FAE04EC0-301F-11D3-BF4B-00C04F79EFBC}") = "Practica11Ejercicio3", "Practica11Ejercicio3\Practica11Ejercicio3.csproj", "{CA9AA8EF-CBE9-4D7D-BE77-5FE13952C72B}"
EndProject
Global
	GlobalSection(SolutionConfigurationPlatforms) = preSolution
		Debug|Any CPU = Debug|Any CPU
		Release|Any CPU = Release|Any CPU
	EndGlobalSection
	GlobalSection(ProjectConfigurationPlatforms) = postSolution
		{CA9AA8EF-CBE9-4D7D-BE77-5FE13952C72B}.Debug|Any CPU.ActiveCfg = Debug|Any CPU
		{CA9AA8EF-CBE9-4D7D-BE77-5FE13952C72B}.Debug|Any CPU.Build.0 = Debug|Any CPU
		{CA9AA8EF-CBE9-4D7D-BE77-5FE13952C72B}.Release|Any CPU.ActiveCfg = Release|Any CPU
		{CA9AA8EF-CBE9-4D7D-BE77-5FE13952C72B}.Release|Any CPU.Build.0 = Release|Any CPU
	EndGlobalSection
	GlobalSection(SolutionProperties) = preSolution
		HideSolutionNode = FALSE
	EndGlobalSection
	GlobalSection(ExtensibilityGlobals) = postSolution
		SolutionGuid = {03216CAA-0215-483E-9034-38795BBA60AC}
	EndGlobalSection
EndGlobal
