
Microsoft Visual Studio Solution File, Format Version 12.00
# Visual Studio Version 17
VisualStudioVersion = 17.14.36511.14 d17.14
MinimumVisualStudioVersion = 10.0.40219.1
Project("{FAE04EC0-301F-11D3-BF4B-00C04F79EFBC}") = "Practica8Ejercicio3", "Practica8Ejercicio3\Practica8Ejercicio3.csproj", "{0471EDD9-10EC-4D86-9102-07A66125729F}"
EndProject
Global
	GlobalSection(SolutionConfigurationPlatforms) = preSolution
		Debug|Any CPU = Debug|Any CPU
		Release|Any CPU = Release|Any CPU
	EndGlobalSection
	GlobalSection(ProjectConfigurationPlatforms) = postSolution
		{0471EDD9-10EC-4D86-9102-07A66125729F}.Debug|Any CPU.ActiveCfg = Debug|Any CPU
		{0471EDD9-10EC-4D86-9102-07A66125729F}.Debug|Any CPU.Build.0 = Debug|Any CPU
		{0471EDD9-10EC-4D86-9102-07A66125729F}.Release|Any CPU.ActiveCfg = Release|Any CPU
		{0471EDD9-10EC-4D86-9102-07A66125729F}.Release|Any CPU.Build.0 = Release|Any CPU
	EndGlobalSection
	GlobalSection(SolutionProperties) = preSolution
		HideSolutionNode = FALSE
	EndGlobalSection
	GlobalSection(ExtensibilityGlobals) = postSolution
		SolutionGuid = {C8177269-7C23-4A4A-9435-3FC841F63434}
	EndGlobalSection
EndGlobal
