
Microsoft Visual Studio Solution File, Format Version 12.00
# Visual Studio Version 17
VisualStudioVersion = 17.14.36511.14 d17.14
MinimumVisualStudioVersion = 10.0.40219.1
Project("{FAE04EC0-301F-11D3-BF4B-00C04F79EFBC}") = "Practica11Ejercicio1", "Practica11Ejercicio1\Practica11Ejercicio1.csproj", "{D8799954-D7D9-4FBE-86A9-FE8C75665CFA}"
EndProject
Global
	GlobalSection(SolutionConfigurationPlatforms) = preSolution
		Debug|Any CPU = Debug|Any CPU
		Release|Any CPU = Release|Any CPU
	EndGlobalSection
	GlobalSection(ProjectConfigurationPlatforms) = postSolution
		{D8799954-D7D9-4FBE-86A9-FE8C75665CFA}.Debug|Any CPU.ActiveCfg = Debug|Any CPU
		{D8799954-D7D9-4FBE-86A9-FE8C75665CFA}.Debug|Any CPU.Build.0 = Debug|Any CPU
		{D8799954-D7D9-4FBE-86A9-FE8C75665CFA}.Release|Any CPU.ActiveCfg = Release|Any CPU
		{D8799954-D7D9-4FBE-86A9-FE8C75665CFA}.Release|Any CPU.Build.0 = Release|Any CPU
	EndGlobalSection
	GlobalSection(SolutionProperties) = preSolution
		HideSolutionNode = FALSE
	EndGlobalSection
	GlobalSection(ExtensibilityGlobals) = postSolution
		SolutionGuid = {4F58A023-598B-45C4-AA2E-014694A8BA86}
	EndGlobalSection
EndGlobal
