
Microsoft Visual Studio Solution File, Format Version 12.00
# Visual Studio Version 17
VisualStudioVersion = 17.14.36511.14 d17.14
MinimumVisualStudioVersion = 10.0.40219.1
Project("{FAE04EC0-301F-11D3-BF4B-00C04F79EFBC}") = "Ejercicio2-5", "Ejercicio2-5\Ejercicio2-5.csproj", "{243EFB62-2E0D-48B9-B116-085512DEEB3A}"
EndProject
Global
	GlobalSection(SolutionConfigurationPlatforms) = preSolution
		Debug|Any CPU = Debug|Any CPU
		Release|Any CPU = Release|Any CPU
	EndGlobalSection
	GlobalSection(ProjectConfigurationPlatforms) = postSolution
		{243EFB62-2E0D-48B9-B116-085512DEEB3A}.Debug|Any CPU.ActiveCfg = Debug|Any CPU
		{243EFB62-2E0D-48B9-B116-085512DEEB3A}.Debug|Any CPU.Build.0 = Debug|Any CPU
		{243EFB62-2E0D-48B9-B116-085512DEEB3A}.Release|Any CPU.ActiveCfg = Release|Any CPU
		{243EFB62-2E0D-48B9-B116-085512DEEB3A}.Release|Any CPU.Build.0 = Release|Any CPU
	EndGlobalSection
	GlobalSection(SolutionProperties) = preSolution
		HideSolutionNode = FALSE
	EndGlobalSection
	GlobalSection(ExtensibilityGlobals) = postSolution
		SolutionGuid = {D3D71E09-F958-4D31-BB64-3725FF83B870}
	EndGlobalSection
EndGlobal
