
Microsoft Visual Studio Solution File, Format Version 12.00
# Visual Studio Version 17
VisualStudioVersion = 17.14.36511.14 d17.14
MinimumVisualStudioVersion = 10.0.40219.1
Project("{FAE04EC0-301F-11D3-BF4B-00C04F79EFBC}") = "Ejercicio4-2", "Ejercicio4-2\Ejercicio4-2.csproj", "{F2313CAF-558E-4144-8DE9-EEDD29604B47}"
EndProject
Global
	GlobalSection(SolutionConfigurationPlatforms) = preSolution
		Debug|Any CPU = Debug|Any CPU
		Release|Any CPU = Release|Any CPU
	EndGlobalSection
	GlobalSection(ProjectConfigurationPlatforms) = postSolution
		{F2313CAF-558E-4144-8DE9-EEDD29604B47}.Debug|Any CPU.ActiveCfg = Debug|Any CPU
		{F2313CAF-558E-4144-8DE9-EEDD29604B47}.Debug|Any CPU.Build.0 = Debug|Any CPU
		{F2313CAF-558E-4144-8DE9-EEDD29604B47}.Release|Any CPU.ActiveCfg = Release|Any CPU
		{F2313CAF-558E-4144-8DE9-EEDD29604B47}.Release|Any CPU.Build.0 = Release|Any CPU
	EndGlobalSection
	GlobalSection(SolutionProperties) = preSolution
		HideSolutionNode = FALSE
	EndGlobalSection
	GlobalSection(ExtensibilityGlobals) = postSolution
		SolutionGuid = {FC810CCE-E6F4-4046-A5AC-41573B951EB1}
	EndGlobalSection
EndGlobal
